
Microsoft Visual Studio Solution File, Format Version 12.00
# Visual Studio 15
VisualStudioVersion = 15.0.27703.2042
MinimumVisualStudioVersion = 10.0.40219.1
Project("{9A19103F-16F7-4668-BE54-9A1E7A4F7556}") = "Factors", "Factors\Factors.csproj", "{CBD13C57-929D-4CD4-96AD-B28D1623BC70}"
EndProject
Project("{9A19103F-16F7-4668-BE54-9A1E7A4F7556}") = "Factors.Encryption.PlainText", "Factors.Encryption.PlainText\Factors.Encryption.PlainText.csproj", "{1CED9708-6C60-4A10-8E1D-2E4D78080E17}"
EndProject
Project("{2150E333-8FDC-42A3-9474-1A3956D46DE8}") = "StorageProviders", "StorageProviders", "{A95367CA-C1D8-4DDE-8CA2-40027F4A2BE4}"
EndProject
Project("{2150E333-8FDC-42A3-9474-1A3956D46DE8}") = "EncryptionProviders", "EncryptionProviders", "{D54BF6A6-9992-4800-8153-40F37963F245}"
EndProject
Project("{2150E333-8FDC-42A3-9474-1A3956D46DE8}") = "FeatureProviders", "FeatureProviders", "{D35099F7-7BD0-4798-A765-F94CAD442239}"
EndProject
Project("{9A19103F-16F7-4668-BE54-9A1E7A4F7556}") = "Factors.Models", "Factors.Models\Factors.Models.csproj", "{58072D84-75A4-4CC9-A133-1D315366B210}"
EndProject
Project("{2150E333-8FDC-42A3-9474-1A3956D46DE8}") = "TokenProviders", "TokenProviders", "{C1209634-9BD3-43AB-86DD-2AEFB07465CD}"
EndProject
Project("{9A19103F-16F7-4668-BE54-9A1E7A4F7556}") = "Factors.Token.Number", "Factors.Token.Number\Factors.Token.Number.csproj", "{F851848D-CD5E-40A6-A679-40D65CB51FA5}"
EndProject
Project("{9A19103F-16F7-4668-BE54-9A1E7A4F7556}") = "Factors.Feature.Email.Smtp", "Factors.Feature.Email.Smtp\Factors.Feature.Email.Smtp.csproj", "{860DD2CA-4F20-4CFB-80BF-6A46D0EB0D9A}"
EndProject
Project("{9A19103F-16F7-4668-BE54-9A1E7A4F7556}") = "Factors.Feature.Email", "Factors.Feature.Email\Factors.Feature.Email.csproj", "{7C061110-A40F-4202-AE01-6E94172FFB30}"
EndProject
Project("{9A19103F-16F7-4668-BE54-9A1E7A4F7556}") = "Factors.Feature.Email.NullRoute", "Factors.Feature.Email.NullRoute\Factors.Feature.Email.NullRoute.csproj", "{3899BBDE-FE7C-4BFA-830B-917712BF99FE}"
EndProject
Project("{9A19103F-16F7-4668-BE54-9A1E7A4F7556}") = "Factors.Tests", "Factors.Tests\Factors.Tests.csproj", "{B8239F28-291D-4F18-887E-5824854D106C}"
EndProject
Project("{9A19103F-16F7-4668-BE54-9A1E7A4F7556}") = "Factors.Database.OrmLite", "Factors.Database.OrmLite\Factors.Database.OrmLite.csproj", "{B8022206-1A9D-4BB8-AAFE-B8A0D4CC8265}"
EndProject
Project("{9A19103F-16F7-4668-BE54-9A1E7A4F7556}") = "Factors.Feature.Email.Postmark", "Factors.Feature.Email.Postmark\Factors.Feature.Email.Postmark.csproj", "{9FC94C3D-6D3D-4CEA-8827-EAF2EB7C0215}"
EndProject
Project("{9A19103F-16F7-4668-BE54-9A1E7A4F7556}") = "Factors.Token.Alphabet", "Factors.Token.Alphabet\Factors.Token.Alphabet.csproj", "{BC148E84-2994-4D73-BFEE-76DE4B8AFB24}"
EndProject
Project("{9A19103F-16F7-4668-BE54-9A1E7A4F7556}") = "Factors.Helpers", "Factors.Helpers\Factors.Helpers.csproj", "{78158DDA-23BA-44CB-A923-B068201A2763}"
EndProject
Project("{9A19103F-16F7-4668-BE54-9A1E7A4F7556}") = "Factors.Token.Alphanumeric", "Factors.Token.Alphanumeric\Factors.Token.Alphanumeric.csproj", "{3709A6B4-451F-41E1-A498-76AC2B27C1D9}"
EndProject
Project("{9A19103F-16F7-4668-BE54-9A1E7A4F7556}") = "Factors.Encryption.BCryptStandard", "Factors.Encryption.BCrypt\Factors.Encryption.BCryptStandard.csproj", "{BFC965DE-BB63-4CCB-85B5-8D81D17A7A31}"
EndProject
Project("{2150E333-8FDC-42A3-9474-1A3956D46DE8}") = "Email", "Email", "{5B3E7312-7FF6-45EE-8582-6F2D542683E6}"
EndProject
Project("{2150E333-8FDC-42A3-9474-1A3956D46DE8}") = "Phone", "Phone", "{21616D2D-680F-4B25-A70D-2B61912B2B60}"
EndProject
Project("{FAE04EC0-301F-11D3-BF4B-00C04F79EFBC}") = "Factors.Feature.Phone", "Factors.Feature.Phone\Factors.Feature.Phone.csproj", "{EBD6C148-B2BA-4832-BE27-FD3D390EDDD7}"
EndProject
Project("{FAE04EC0-301F-11D3-BF4B-00C04F79EFBC}") = "Factors.Feature.Phone.Twilio", "Factors.Feature.Phone.Twilio\Factors.Feature.Phone.Twilio.csproj", "{BA6E350B-51C2-4F1B-9A4C-8A6B8CD00DDB}"
EndProject
Project("{FAE04EC0-301F-11D3-BF4B-00C04F79EFBC}") = "Factors.Feature.Phone.NullRoute", "Factors.Feature.Phone.NullRoute\Factors.Feature.Phone.NullRoute.csproj", "{93ABFC0B-A4A6-462A-9691-A94AD5A14A8D}"
EndProject
Global
	GlobalSection(SolutionConfigurationPlatforms) = preSolution
		Debug|Any CPU = Debug|Any CPU
		DebugPostmark|Any CPU = DebugPostmark|Any CPU
		Release|Any CPU = Release|Any CPU
	EndGlobalSection
	GlobalSection(ProjectConfigurationPlatforms) = postSolution
		{CBD13C57-929D-4CD4-96AD-B28D1623BC70}.Debug|Any CPU.ActiveCfg = Debug|Any CPU
		{CBD13C57-929D-4CD4-96AD-B28D1623BC70}.Debug|Any CPU.Build.0 = Debug|Any CPU
		{CBD13C57-929D-4CD4-96AD-B28D1623BC70}.DebugPostmark|Any CPU.ActiveCfg = DebugPostmark|Any CPU
		{CBD13C57-929D-4CD4-96AD-B28D1623BC70}.DebugPostmark|Any CPU.Build.0 = DebugPostmark|Any CPU
		{CBD13C57-929D-4CD4-96AD-B28D1623BC70}.Release|Any CPU.ActiveCfg = Release|Any CPU
		{CBD13C57-929D-4CD4-96AD-B28D1623BC70}.Release|Any CPU.Build.0 = Release|Any CPU
		{1CED9708-6C60-4A10-8E1D-2E4D78080E17}.Debug|Any CPU.ActiveCfg = Debug|Any CPU
		{1CED9708-6C60-4A10-8E1D-2E4D78080E17}.Debug|Any CPU.Build.0 = Debug|Any CPU
		{1CED9708-6C60-4A10-8E1D-2E4D78080E17}.DebugPostmark|Any CPU.ActiveCfg = DebugPostmark|Any CPU
		{1CED9708-6C60-4A10-8E1D-2E4D78080E17}.DebugPostmark|Any CPU.Build.0 = DebugPostmark|Any CPU
		{1CED9708-6C60-4A10-8E1D-2E4D78080E17}.Release|Any CPU.ActiveCfg = Release|Any CPU
		{1CED9708-6C60-4A10-8E1D-2E4D78080E17}.Release|Any CPU.Build.0 = Release|Any CPU
		{58072D84-75A4-4CC9-A133-1D315366B210}.Debug|Any CPU.ActiveCfg = Debug|Any CPU
		{58072D84-75A4-4CC9-A133-1D315366B210}.Debug|Any CPU.Build.0 = Debug|Any CPU
		{58072D84-75A4-4CC9-A133-1D315366B210}.DebugPostmark|Any CPU.ActiveCfg = DebugPostmark|Any CPU
		{58072D84-75A4-4CC9-A133-1D315366B210}.DebugPostmark|Any CPU.Build.0 = DebugPostmark|Any CPU
		{58072D84-75A4-4CC9-A133-1D315366B210}.Release|Any CPU.ActiveCfg = Release|Any CPU
		{58072D84-75A4-4CC9-A133-1D315366B210}.Release|Any CPU.Build.0 = Release|Any CPU
		{F851848D-CD5E-40A6-A679-40D65CB51FA5}.Debug|Any CPU.ActiveCfg = Debug|Any CPU
		{F851848D-CD5E-40A6-A679-40D65CB51FA5}.Debug|Any CPU.Build.0 = Debug|Any CPU
		{F851848D-CD5E-40A6-A679-40D65CB51FA5}.DebugPostmark|Any CPU.ActiveCfg = DebugPostmark|Any CPU
		{F851848D-CD5E-40A6-A679-40D65CB51FA5}.DebugPostmark|Any CPU.Build.0 = DebugPostmark|Any CPU
		{F851848D-CD5E-40A6-A679-40D65CB51FA5}.Release|Any CPU.ActiveCfg = Release|Any CPU
		{F851848D-CD5E-40A6-A679-40D65CB51FA5}.Release|Any CPU.Build.0 = Release|Any CPU
		{860DD2CA-4F20-4CFB-80BF-6A46D0EB0D9A}.Debug|Any CPU.ActiveCfg = Debug|Any CPU
		{860DD2CA-4F20-4CFB-80BF-6A46D0EB0D9A}.Debug|Any CPU.Build.0 = Debug|Any CPU
		{860DD2CA-4F20-4CFB-80BF-6A46D0EB0D9A}.DebugPostmark|Any CPU.ActiveCfg = DebugPostmark|Any CPU
		{860DD2CA-4F20-4CFB-80BF-6A46D0EB0D9A}.DebugPostmark|Any CPU.Build.0 = DebugPostmark|Any CPU
		{860DD2CA-4F20-4CFB-80BF-6A46D0EB0D9A}.Release|Any CPU.ActiveCfg = Release|Any CPU
		{860DD2CA-4F20-4CFB-80BF-6A46D0EB0D9A}.Release|Any CPU.Build.0 = Release|Any CPU
		{7C061110-A40F-4202-AE01-6E94172FFB30}.Debug|Any CPU.ActiveCfg = Debug|Any CPU
		{7C061110-A40F-4202-AE01-6E94172FFB30}.Debug|Any CPU.Build.0 = Debug|Any CPU
		{7C061110-A40F-4202-AE01-6E94172FFB30}.DebugPostmark|Any CPU.ActiveCfg = DebugPostmark|Any CPU
		{7C061110-A40F-4202-AE01-6E94172FFB30}.DebugPostmark|Any CPU.Build.0 = DebugPostmark|Any CPU
		{7C061110-A40F-4202-AE01-6E94172FFB30}.Release|Any CPU.ActiveCfg = Release|Any CPU
		{7C061110-A40F-4202-AE01-6E94172FFB30}.Release|Any CPU.Build.0 = Release|Any CPU
		{3899BBDE-FE7C-4BFA-830B-917712BF99FE}.Debug|Any CPU.ActiveCfg = Debug|Any CPU
		{3899BBDE-FE7C-4BFA-830B-917712BF99FE}.Debug|Any CPU.Build.0 = Debug|Any CPU
		{3899BBDE-FE7C-4BFA-830B-917712BF99FE}.DebugPostmark|Any CPU.ActiveCfg = DebugPostmark|Any CPU
		{3899BBDE-FE7C-4BFA-830B-917712BF99FE}.DebugPostmark|Any CPU.Build.0 = DebugPostmark|Any CPU
		{3899BBDE-FE7C-4BFA-830B-917712BF99FE}.Release|Any CPU.ActiveCfg = Release|Any CPU
		{3899BBDE-FE7C-4BFA-830B-917712BF99FE}.Release|Any CPU.Build.0 = Release|Any CPU
		{B8239F28-291D-4F18-887E-5824854D106C}.Debug|Any CPU.ActiveCfg = Debug|Any CPU
		{B8239F28-291D-4F18-887E-5824854D106C}.Debug|Any CPU.Build.0 = Debug|Any CPU
		{B8239F28-291D-4F18-887E-5824854D106C}.DebugPostmark|Any CPU.ActiveCfg = DebugPostmark|Any CPU
		{B8239F28-291D-4F18-887E-5824854D106C}.DebugPostmark|Any CPU.Build.0 = DebugPostmark|Any CPU
		{B8239F28-291D-4F18-887E-5824854D106C}.Release|Any CPU.ActiveCfg = Release|Any CPU
		{B8239F28-291D-4F18-887E-5824854D106C}.Release|Any CPU.Build.0 = Release|Any CPU
		{B8022206-1A9D-4BB8-AAFE-B8A0D4CC8265}.Debug|Any CPU.ActiveCfg = Debug|Any CPU
		{B8022206-1A9D-4BB8-AAFE-B8A0D4CC8265}.Debug|Any CPU.Build.0 = Debug|Any CPU
		{B8022206-1A9D-4BB8-AAFE-B8A0D4CC8265}.DebugPostmark|Any CPU.ActiveCfg = DebugPostmark|Any CPU
		{B8022206-1A9D-4BB8-AAFE-B8A0D4CC8265}.DebugPostmark|Any CPU.Build.0 = DebugPostmark|Any CPU
		{B8022206-1A9D-4BB8-AAFE-B8A0D4CC8265}.Release|Any CPU.ActiveCfg = Release|Any CPU
		{B8022206-1A9D-4BB8-AAFE-B8A0D4CC8265}.Release|Any CPU.Build.0 = Release|Any CPU
		{9FC94C3D-6D3D-4CEA-8827-EAF2EB7C0215}.Debug|Any CPU.ActiveCfg = Debug|Any CPU
		{9FC94C3D-6D3D-4CEA-8827-EAF2EB7C0215}.Debug|Any CPU.Build.0 = Debug|Any CPU
		{9FC94C3D-6D3D-4CEA-8827-EAF2EB7C0215}.DebugPostmark|Any CPU.ActiveCfg = DebugPostmark|Any CPU
		{9FC94C3D-6D3D-4CEA-8827-EAF2EB7C0215}.DebugPostmark|Any CPU.Build.0 = DebugPostmark|Any CPU
		{9FC94C3D-6D3D-4CEA-8827-EAF2EB7C0215}.Release|Any CPU.ActiveCfg = Release|Any CPU
		{9FC94C3D-6D3D-4CEA-8827-EAF2EB7C0215}.Release|Any CPU.Build.0 = Release|Any CPU
		{BC148E84-2994-4D73-BFEE-76DE4B8AFB24}.Debug|Any CPU.ActiveCfg = Debug|Any CPU
		{BC148E84-2994-4D73-BFEE-76DE4B8AFB24}.Debug|Any CPU.Build.0 = Debug|Any CPU
		{BC148E84-2994-4D73-BFEE-76DE4B8AFB24}.DebugPostmark|Any CPU.ActiveCfg = Debug|Any CPU
		{BC148E84-2994-4D73-BFEE-76DE4B8AFB24}.DebugPostmark|Any CPU.Build.0 = Debug|Any CPU
		{BC148E84-2994-4D73-BFEE-76DE4B8AFB24}.Release|Any CPU.ActiveCfg = Release|Any CPU
		{BC148E84-2994-4D73-BFEE-76DE4B8AFB24}.Release|Any CPU.Build.0 = Release|Any CPU
		{78158DDA-23BA-44CB-A923-B068201A2763}.Debug|Any CPU.ActiveCfg = Debug|Any CPU
		{78158DDA-23BA-44CB-A923-B068201A2763}.Debug|Any CPU.Build.0 = Debug|Any CPU
		{78158DDA-23BA-44CB-A923-B068201A2763}.DebugPostmark|Any CPU.ActiveCfg = Debug|Any CPU
		{78158DDA-23BA-44CB-A923-B068201A2763}.DebugPostmark|Any CPU.Build.0 = Debug|Any CPU
		{78158DDA-23BA-44CB-A923-B068201A2763}.Release|Any CPU.ActiveCfg = Release|Any CPU
		{78158DDA-23BA-44CB-A923-B068201A2763}.Release|Any CPU.Build.0 = Release|Any CPU
		{3709A6B4-451F-41E1-A498-76AC2B27C1D9}.Debug|Any CPU.ActiveCfg = Debug|Any CPU
		{3709A6B4-451F-41E1-A498-76AC2B27C1D9}.Debug|Any CPU.Build.0 = Debug|Any CPU
		{3709A6B4-451F-41E1-A498-76AC2B27C1D9}.DebugPostmark|Any CPU.ActiveCfg = Debug|Any CPU
		{3709A6B4-451F-41E1-A498-76AC2B27C1D9}.DebugPostmark|Any CPU.Build.0 = Debug|Any CPU
		{3709A6B4-451F-41E1-A498-76AC2B27C1D9}.Release|Any CPU.ActiveCfg = Release|Any CPU
		{3709A6B4-451F-41E1-A498-76AC2B27C1D9}.Release|Any CPU.Build.0 = Release|Any CPU
		{BFC965DE-BB63-4CCB-85B5-8D81D17A7A31}.Debug|Any CPU.ActiveCfg = Debug|Any CPU
		{BFC965DE-BB63-4CCB-85B5-8D81D17A7A31}.Debug|Any CPU.Build.0 = Debug|Any CPU
		{BFC965DE-BB63-4CCB-85B5-8D81D17A7A31}.DebugPostmark|Any CPU.ActiveCfg = Debug|Any CPU
		{BFC965DE-BB63-4CCB-85B5-8D81D17A7A31}.DebugPostmark|Any CPU.Build.0 = Debug|Any CPU
		{BFC965DE-BB63-4CCB-85B5-8D81D17A7A31}.Release|Any CPU.ActiveCfg = Release|Any CPU
		{BFC965DE-BB63-4CCB-85B5-8D81D17A7A31}.Release|Any CPU.Build.0 = Release|Any CPU
		{EBD6C148-B2BA-4832-BE27-FD3D390EDDD7}.Debug|Any CPU.ActiveCfg = Debug|Any CPU
		{EBD6C148-B2BA-4832-BE27-FD3D390EDDD7}.Debug|Any CPU.Build.0 = Debug|Any CPU
		{EBD6C148-B2BA-4832-BE27-FD3D390EDDD7}.DebugPostmark|Any CPU.ActiveCfg = Debug|Any CPU
		{EBD6C148-B2BA-4832-BE27-FD3D390EDDD7}.DebugPostmark|Any CPU.Build.0 = Debug|Any CPU
		{EBD6C148-B2BA-4832-BE27-FD3D390EDDD7}.Release|Any CPU.ActiveCfg = Release|Any CPU
		{EBD6C148-B2BA-4832-BE27-FD3D390EDDD7}.Release|Any CPU.Build.0 = Release|Any CPU
		{BA6E350B-51C2-4F1B-9A4C-8A6B8CD00DDB}.Debug|Any CPU.ActiveCfg = Debug|Any CPU
		{BA6E350B-51C2-4F1B-9A4C-8A6B8CD00DDB}.Debug|Any CPU.Build.0 = Debug|Any CPU
		{BA6E350B-51C2-4F1B-9A4C-8A6B8CD00DDB}.DebugPostmark|Any CPU.ActiveCfg = Debug|Any CPU
		{BA6E350B-51C2-4F1B-9A4C-8A6B8CD00DDB}.DebugPostmark|Any CPU.Build.0 = Debug|Any CPU
		{BA6E350B-51C2-4F1B-9A4C-8A6B8CD00DDB}.Release|Any CPU.ActiveCfg = Release|Any CPU
		{BA6E350B-51C2-4F1B-9A4C-8A6B8CD00DDB}.Release|Any CPU.Build.0 = Release|Any CPU
		{93ABFC0B-A4A6-462A-9691-A94AD5A14A8D}.Debug|Any CPU.ActiveCfg = Debug|Any CPU
		{93ABFC0B-A4A6-462A-9691-A94AD5A14A8D}.Debug|Any CPU.Build.0 = Debug|Any CPU
		{93ABFC0B-A4A6-462A-9691-A94AD5A14A8D}.DebugPostmark|Any CPU.ActiveCfg = Debug|Any CPU
		{93ABFC0B-A4A6-462A-9691-A94AD5A14A8D}.DebugPostmark|Any CPU.Build.0 = Debug|Any CPU
		{93ABFC0B-A4A6-462A-9691-A94AD5A14A8D}.Release|Any CPU.ActiveCfg = Release|Any CPU
		{93ABFC0B-A4A6-462A-9691-A94AD5A14A8D}.Release|Any CPU.Build.0 = Release|Any CPU
	EndGlobalSection
	GlobalSection(SolutionProperties) = preSolution
		HideSolutionNode = FALSE
	EndGlobalSection
	GlobalSection(NestedProjects) = preSolution
		{1CED9708-6C60-4A10-8E1D-2E4D78080E17} = {D54BF6A6-9992-4800-8153-40F37963F245}
		{F851848D-CD5E-40A6-A679-40D65CB51FA5} = {C1209634-9BD3-43AB-86DD-2AEFB07465CD}
		{860DD2CA-4F20-4CFB-80BF-6A46D0EB0D9A} = {5B3E7312-7FF6-45EE-8582-6F2D542683E6}
		{7C061110-A40F-4202-AE01-6E94172FFB30} = {5B3E7312-7FF6-45EE-8582-6F2D542683E6}
		{3899BBDE-FE7C-4BFA-830B-917712BF99FE} = {5B3E7312-7FF6-45EE-8582-6F2D542683E6}
		{B8022206-1A9D-4BB8-AAFE-B8A0D4CC8265} = {A95367CA-C1D8-4DDE-8CA2-40027F4A2BE4}
		{9FC94C3D-6D3D-4CEA-8827-EAF2EB7C0215} = {5B3E7312-7FF6-45EE-8582-6F2D542683E6}
		{BC148E84-2994-4D73-BFEE-76DE4B8AFB24} = {C1209634-9BD3-43AB-86DD-2AEFB07465CD}
		{3709A6B4-451F-41E1-A498-76AC2B27C1D9} = {C1209634-9BD3-43AB-86DD-2AEFB07465CD}
		{BFC965DE-BB63-4CCB-85B5-8D81D17A7A31} = {D54BF6A6-9992-4800-8153-40F37963F245}
		{5B3E7312-7FF6-45EE-8582-6F2D542683E6} = {D35099F7-7BD0-4798-A765-F94CAD442239}
		{21616D2D-680F-4B25-A70D-2B61912B2B60} = {D35099F7-7BD0-4798-A765-F94CAD442239}
		{EBD6C148-B2BA-4832-BE27-FD3D390EDDD7} = {21616D2D-680F-4B25-A70D-2B61912B2B60}
		{BA6E350B-51C2-4F1B-9A4C-8A6B8CD00DDB} = {21616D2D-680F-4B25-A70D-2B61912B2B60}
		{93ABFC0B-A4A6-462A-9691-A94AD5A14A8D} = {21616D2D-680F-4B25-A70D-2B61912B2B60}
	EndGlobalSection
	GlobalSection(ExtensibilityGlobals) = postSolution
		SolutionGuid = {4917070E-F983-4808-9530-C0D868C02567}
	EndGlobalSection
EndGlobal
